
Microsoft Visual Studio Solution File, Format Version 12.00
# Visual Studio 15
Project("{FAE04EC0-301F-11D3-BF4B-00C04F79EFBC}") = "Assembly-CSharp", "Assembly-CSharp.csproj", "{95996E7A-6BB1-74A5-70A0-9007515FAF3A}"
EndProject
Project("{FAE04EC0-301F-11D3-BF4B-00C04F79EFBC}") = "Assembly-CSharp-Editor", "Assembly-CSharp-Editor.csproj", "{34DE6960-3072-204B-B57D-D9DF1B9325E7}"
EndProject
Global
	GlobalSection(SolutionConfigurationPlatforms) = preSolution
		Debug|Any CPU = Debug|Any CPU
		Release|Any CPU = Release|Any CPU
	EndGlobalSection
	GlobalSection(ProjectConfigurationPlatforms) = postSolution
		{95996E7A-6BB1-74A5-70A0-9007515FAF3A}.Debug|Any CPU.ActiveCfg = Debug|Any CPU
		{95996E7A-6BB1-74A5-70A0-9007515FAF3A}.Debug|Any CPU.Build.0 = Debug|Any CPU
		{95996E7A-6BB1-74A5-70A0-9007515FAF3A}.Release|Any CPU.ActiveCfg = Release|Any CPU
		{95996E7A-6BB1-74A5-70A0-9007515FAF3A}.Release|Any CPU.Build.0 = Release|Any CPU
		{34DE6960-3072-204B-B57D-D9DF1B9325E7}.Debug|Any CPU.ActiveCfg = Debug|Any CPU
		{34DE6960-3072-204B-B57D-D9DF1B9325E7}.Debug|Any CPU.Build.0 = Debug|Any CPU
		{34DE6960-3072-204B-B57D-D9DF1B9325E7}.Release|Any CPU.ActiveCfg = Release|Any CPU
		{34DE6960-3072-204B-B57D-D9DF1B9325E7}.Release|Any CPU.Build.0 = Release|Any CPU
	EndGlobalSection
	GlobalSection(SolutionProperties) = preSolution
		HideSolutionNode = FALSE
	EndGlobalSection
EndGlobal
